
Microsoft Visual Studio Solution File, Format Version 12.00
# Visual Studio Version 16
VisualStudioVersion = 16.0.32106.194
MinimumVisualStudioVersion = 10.0.40219.1
Project("{FAE04EC0-301F-11D3-BF4B-00C04F79EFBC}") = "ApiJoseArquieta", "ApiJoseArquieta.csproj", "{5083011D-D516-4F82-AF5F-672771B8E5D7}"
EndProject
Global
	GlobalSection(SolutionConfigurationPlatforms) = preSolution
		Debug|Any CPU = Debug|Any CPU
		Release|Any CPU = Release|Any CPU
	EndGlobalSection
	GlobalSection(ProjectConfigurationPlatforms) = postSolution
		{5083011D-D516-4F82-AF5F-672771B8E5D7}.Debug|Any CPU.ActiveCfg = Debug|Any CPU
		{5083011D-D516-4F82-AF5F-672771B8E5D7}.Debug|Any CPU.Build.0 = Debug|Any CPU
		{5083011D-D516-4F82-AF5F-672771B8E5D7}.Release|Any CPU.ActiveCfg = Release|Any CPU
		{5083011D-D516-4F82-AF5F-672771B8E5D7}.Release|Any CPU.Build.0 = Release|Any CPU
	EndGlobalSection
	GlobalSection(SolutionProperties) = preSolution
		HideSolutionNode = FALSE
	EndGlobalSection
	GlobalSection(ExtensibilityGlobals) = postSolution
		SolutionGuid = {8BE9B976-5F6D-4A52-80B2-40BE4E2A47D4}
	EndGlobalSection
EndGlobal
